
Microsoft Visual Studio Solution File, Format Version 12.00
# Visual Studio Version 17
VisualStudioVersion = 17.14.36717.8 d17.14
MinimumVisualStudioVersion = 10.0.40219.1
Project("{FAE04EC0-301F-11D3-BF4B-00C04F79EFBC}") = "PorjectManagement", "PorjectManagement.csproj", "{586E789E-3154-48E9-9A08-0104B1AA6A04}"
EndProject
Global
	GlobalSection(SolutionConfigurationPlatforms) = preSolution
		Debug|Any CPU = Debug|Any CPU
		Release|Any CPU = Release|Any CPU
	EndGlobalSection
	GlobalSection(ProjectConfigurationPlatforms) = postSolution
		{586E789E-3154-48E9-9A08-0104B1AA6A04}.Debug|Any CPU.ActiveCfg = Debug|Any CPU
		{586E789E-3154-48E9-9A08-0104B1AA6A04}.Debug|Any CPU.Build.0 = Debug|Any CPU
		{586E789E-3154-48E9-9A08-0104B1AA6A04}.Release|Any CPU.ActiveCfg = Release|Any CPU
		{586E789E-3154-48E9-9A08-0104B1AA6A04}.Release|Any CPU.Build.0 = Release|Any CPU
	EndGlobalSection
	GlobalSection(SolutionProperties) = preSolution
		HideSolutionNode = FALSE
	EndGlobalSection
	GlobalSection(ExtensibilityGlobals) = postSolution
		SolutionGuid = {B719CCC0-8EA3-4427-B680-70EC65762509}
	EndGlobalSection
EndGlobal
